
Microsoft Visual Studio Solution File, Format Version 12.00
# Visual Studio Version 16
VisualStudioVersion = 16.0.29709.97
MinimumVisualStudioVersion = 10.0.40219.1
Project("{888888A0-9F3D-457C-B088-3A5042F75D52}") = "Pygame Learning Game", "Pygame Learning Game\Pygame Learning Game.pyproj", "{5783FD97-CA88-495D-BAFC-7C9C6439A0FB}"
EndProject
Global
	GlobalSection(SolutionConfigurationPlatforms) = preSolution
		Debug|Any CPU = Debug|Any CPU
		Release|Any CPU = Release|Any CPU
	EndGlobalSection
	GlobalSection(ProjectConfigurationPlatforms) = postSolution
		{5783FD97-CA88-495D-BAFC-7C9C6439A0FB}.Debug|Any CPU.ActiveCfg = Debug|Any CPU
		{5783FD97-CA88-495D-BAFC-7C9C6439A0FB}.Release|Any CPU.ActiveCfg = Release|Any CPU
	EndGlobalSection
	GlobalSection(SolutionProperties) = preSolution
		HideSolutionNode = FALSE
	EndGlobalSection
	GlobalSection(ExtensibilityGlobals) = postSolution
		SolutionGuid = {0B4066B2-B124-4A41-BC7E-A7DC440BD1D1}
	EndGlobalSection
EndGlobal
